
Microsoft Visual Studio Solution File, Format Version 12.00
Project("{FAE04EC0-301F-11D3-BF4B-00C04F79EFBC}") = "ITS291", "ITS291.csproj", "{23D3255C-D21F-48AD-A6E4-2FD076E5478B}"
EndProject
Global
	GlobalSection(SolutionConfigurationPlatforms) = preSolution
		Debug|Any CPU = Debug|Any CPU
		Release|Any CPU = Release|Any CPU
	EndGlobalSection
	GlobalSection(ProjectConfigurationPlatforms) = postSolution
		{23D3255C-D21F-48AD-A6E4-2FD076E5478B}.Debug|Any CPU.ActiveCfg = Debug|Any CPU
		{23D3255C-D21F-48AD-A6E4-2FD076E5478B}.Debug|Any CPU.Build.0 = Debug|Any CPU
		{23D3255C-D21F-48AD-A6E4-2FD076E5478B}.Release|Any CPU.ActiveCfg = Release|Any CPU
		{23D3255C-D21F-48AD-A6E4-2FD076E5478B}.Release|Any CPU.Build.0 = Release|Any CPU
	EndGlobalSection
EndGlobal
